// !$*UTF8*$!
{
	archiveVersion = 1;
	classes = {
	};
	objectVersion = 77;
	objects = {

/* Begin PBXBuildFile section */
		230F1B2E2F3136FE008EFA85 /* Numerics in Frameworks */ = {isa = PBXBuildFile; productRef = 23NUMERICSPD2D570F9800F9B18E /* Numerics */; };
/* End PBXBuildFile section */

/* Begin PBXContainerItemProxy section */
		2386F0FA2D570F9A00F9B18E /* PBXContainerItemProxy */ = {
			isa = PBXContainerItemProxy;
			containerPortal = 2386F0E12D570F9800F9B18E /* Project object */;
			proxyType = 1;
			remoteGlobalIDString = 2386F0E82D570F9800F9B18E;
			remoteInfo = Mandelbrot;
		};
		2386F1042D570F9A00F9B18E /* PBXContainerItemProxy */ = {
			isa = PBXContainerItemProxy;
			containerPortal = 2386F0E12D570F9800F9B18E /* Project object */;
			proxyType = 1;
			remoteGlobalIDString = 2386F0E82D570F9800F9B18E;
			remoteInfo = Mandelbrot;
		};
/* End PBXContainerItemProxy section */

/* Begin PBXFileReference section */
		2386F0E92D570F9800F9B18E /* Mandelbrot.app */ = {isa = PBXFileReference; explicitFileType = wrapper.application; includeInIndex = 0; path = Mandelbrot.app; sourceTree = BUILT_PRODUCTS_DIR; };
		2386F0F92D570F9A00F9B18E /* MandelbrotTests.xctest */ = {isa = PBXFileReference; explicitFileType = wrapper.cfbundle; includeInIndex = 0; path = MandelbrotTests.xctest; sourceTree = BUILT_PRODUCTS_DIR; };
		2386F1032D570F9A00F9B18E /* MandelbrotUITests.xctest */ = {isa = PBXFileReference; explicitFileType = wrapper.cfbundle; includeInIndex = 0; path = MandelbrotUITests.xctest; sourceTree = BUILT_PRODUCTS_DIR; };
/* End PBXFileReference section */

/* Begin PBXFileSystemSynchronizedRootGroup section */
		2386F0EB2D570F9800F9B18E /* Mandelbrot */ = {
			isa = PBXFileSystemSynchronizedRootGroup;
			path = Mandelbrot;
			sourceTree = "<group>";
		};
		2386F0FC2D570F9A00F9B18E /* MandelbrotTests */ = {
			isa = PBXFileSystemSynchronizedRootGroup;
			path = MandelbrotTests;
			sourceTree = "<group>";
		};
		2386F1062D570F9A00F9B18E /* MandelbrotUITests */ = {
			isa = PBXFileSystemSynchronizedRootGroup;
			path = MandelbrotUITests;
			sourceTree = "<group>";
		};
/* End PBXFileSystemSynchronizedRootGroup section */

/* Begin PBXFrameworksBuildPhase section */
		2386F0E62D570F9800F9B18E /* Frameworks */ = {
			isa = PBXFrameworksBuildPhase;
			buildActionMask = 2147483647;
			files = (
				230F1B2E2F3136FE008EFA85 /* Numerics in Frameworks */,
			);
			runOnlyForDeploymentPostprocessing = 0;
		};
		2386F0F62D570F9A00F9B18E /* Frameworks */ = {
			isa = PBXFrameworksBuildPhase;
			buildActionMask = 2147483647;
			files = (
			);
			runOnlyForDeploymentPostprocessing = 0;
		};
		2386F1002D570F9A00F9B18E /* Frameworks */ = {
			isa = PBXFrameworksBuildPhase;
			buildActionMask = 2147483647;
			files = (
			);
			runOnlyForDeploymentPostprocessing = 0;
		};
/* End PBXFrameworksBuildPhase section */

/* Begin PBXGroup section */
		2386F0E02D570F9800F9B18E = {
			isa = PBXGroup;
			children = (
				2386F0EB2D570F9800F9B18E /* Mandelbrot */,
				2386F0FC2D570F9A00F9B18E /* MandelbrotTests */,
				2386F1062D570F9A00F9B18E /* MandelbrotUITests */,
				2386F0EA2D570F9800F9B18E /* Products */,
			);
			sourceTree = "<group>";
		};
		2386F0EA2D570F9800F9B18E /* Products */ = {
			isa = PBXGroup;
			children = (
				2386F0E92D570F9800F9B18E /* Mandelbrot.app */,
				2386F0F92D570F9A00F9B18E /* MandelbrotTests.xctest */,
				2386F1032D570F9A00F9B18E /* MandelbrotUITests.xctest */,
			);
			name = Products;
			sourceTree = "<group>";
		};
/* End PBXGroup section */

/* Begin PBXNativeTarget section */
		2386F0E82D570F9800F9B18E /* Mandelbrot */ = {
			isa = PBXNativeTarget;
			buildConfigurationList = 2386F10D2D570F9A00F9B18E /* Build configuration list for PBXNativeTarget "Mandelbrot" */;
			buildPhases = (
				2386F0E52D570F9800F9B18E /* Sources */,
				2386F0E62D570F9800F9B18E /* Frameworks */,
				2386F0E72D570F9800F9B18E /* Resources */,
			);
			buildRules = (
			);
			dependencies = (
			);
			fileSystemSynchronizedGroups = (
				2386F0EB2D570F9800F9B18E /* Mandelbrot */,
			);
			name = Mandelbrot;
			packageProductDependencies = (
				23NUMERICSPD2D570F9800F9B18E /* Numerics */,
			);
			productName = Mandelbrot;
			productReference = 2386F0E92D570F9800F9B18E /* Mandelbrot.app */;
			productType = "com.apple.product-type.application";
		};
		2386F0F82D570F9A00F9B18E /* MandelbrotTests */ = {
			isa = PBXNativeTarget;
			buildConfigurationList = 2386F1102D570F9A00F9B18E /* Build configuration list for PBXNativeTarget "MandelbrotTests" */;
			buildPhases = (
				2386F0F52D570F9A00F9B18E /* Sources */,
				2386F0F62D570F9A00F9B18E /* Frameworks */,
				2386F0F72D570F9A00F9B18E /* Resources */,
			);
			buildRules = (
			);
			dependencies = (
				2386F0FB2D570F9A00F9B18E /* PBXTargetDependency */,
			);
			fileSystemSynchronizedGroups = (
				2386F0FC2D570F9A00F9B18E /* MandelbrotTests */,
			);
			name = MandelbrotTests;
			packageProductDependencies = (
			);
			productName = MandelbrotTests;
			productReference = 2386F0F92D570F9A00F9B18E /* MandelbrotTests.xctest */;
			productType = "com.apple.product-type.bundle.unit-test";
		};
		2386F1022D570F9A00F9B18E /* MandelbrotUITests */ = {
			isa = PBXNativeTarget;
			buildConfigurationList = 2386F1132D570F9A00F9B18E /* Build configuration list for PBXNativeTarget "MandelbrotUITests" */;
			buildPhases = (
				2386F0FF2D570F9A00F9B18E /* Sources */,
				2386F1002D570F9A00F9B18E /* Frameworks */,
				2386F1012D570F9A00F9B18E /* Resources */,
			);
			buildRules = (
			);
			dependencies = (
				2386F1052D570F9A00F9B18E /* PBXTargetDependency */,
			);
			fileSystemSynchronizedGroups = (
				2386F1062D570F9A00F9B18E /* MandelbrotUITests */,
			);
			name = MandelbrotUITests;
			packageProductDependencies = (
			);
			productName = MandelbrotUITests;
			productReference = 2386F1032D570F9A00F9B18E /* MandelbrotUITests.xctest */;
			productType = "com.apple.product-type.bundle.ui-testing";
		};
/* End PBXNativeTarget section */

/* Begin PBXProject section */
		2386F0E12D570F9800F9B18E /* Project object */ = {
			isa = PBXProject;
			attributes = {
				BuildIndependentTargetsInParallel = 1;
				LastSwiftUpdateCheck = 1620;
				LastUpgradeCheck = 1620;
				TargetAttributes = {
					2386F0E82D570F9800F9B18E = {
						CreatedOnToolsVersion = 16.2;
					};
					2386F0F82D570F9A00F9B18E = {
						CreatedOnToolsVersion = 16.2;
						TestTargetID = 2386F0E82D570F9800F9B18E;
					};
					2386F1022D570F9A00F9B18E = {
						CreatedOnToolsVersion = 16.2;
						TestTargetID = 2386F0E82D570F9800F9B18E;
					};
				};
			};
			buildConfigurationList = 2386F0E42D570F9800F9B18E /* Build configuration list for PBXProject "Mandelbrot" */;
			developmentRegion = en;
			hasScannedForEncodings = 0;
			knownRegions = (
				en,
				Base,
			);
			mainGroup = 2386F0E02D570F9800F9B18E;
			minimizedProjectReferenceProxies = 1;
			packageReferences = (
				23NUMERICS2D570F9800F9B18E /* XCRemoteSwiftPackageReference "swift-numerics" */,
			);
			preferredProjectObjectVersion = 77;
			productRefGroup = 2386F0EA2D570F9800F9B18E /* Products */;
			projectDirPath = "";
			projectRoot = "";
			targets = (
				2386F0E82D570F9800F9B18E /* Mandelbrot */,
				2386F0F82D570F9A00F9B18E /* MandelbrotTests */,
				2386F1022D570F9A00F9B18E /* MandelbrotUITests */,
			);
		};
/* End PBXProject section */

/* Begin PBXResourcesBuildPhase section */
		2386F0E72D570F9800F9B18E /* Resources */ = {
			isa = PBXResourcesBuildPhase;
			buildActionMask = 2147483647;
			files = (
			);
			runOnlyForDeploymentPostprocessing = 0;
		};
		2386F0F72D570F9A00F9B18E /* Resources */ = {
			isa = PBXResourcesBuildPhase;
			buildActionMask = 2147483647;
			files = (
			);
			runOnlyForDeploymentPostprocessing = 0;
		};
		2386F1012D570F9A00F9B18E /* Resources */ = {
			isa = PBXResourcesBuildPhase;
			buildActionMask = 2147483647;
			files = (
			);
			runOnlyForDeploymentPostprocessing = 0;
		};
/* End PBXResourcesBuildPhase section */

/* Begin PBXSourcesBuildPhase section */
		2386F0E52D570F9800F9B18E /* Sources */ = {
			isa = PBXSourcesBuildPhase;
			buildActionMask = 2147483647;
			files = (
			);
			runOnlyForDeploymentPostprocessing = 0;
		};
		2386F0F52D570F9A00F9B18E /* Sources */ = {
			isa = PBXSourcesBuildPhase;
			buildActionMask = 2147483647;
			files = (
			);
			runOnlyForDeploymentPostprocessing = 0;
		};
		2386F0FF2D570F9A00F9B18E /* Sources */ = {
			isa = PBXSourcesBuildPhase;
			buildActionMask = 2147483647;
			files = (
			);
			runOnlyForDeploymentPostprocessing = 0;
		};
/* End PBXSourcesBuildPhase section */

/* Begin PBXTargetDependency section */
		2386F0FB2D570F9A00F9B18E /* PBXTargetDependency */ = {
			isa = PBXTargetDependency;
			target = 2386F0E82D570F9800F9B18E /* Mandelbrot */;
			targetProxy = 2386F0FA2D570F9A00F9B18E /* PBXContainerItemProxy */;
		};
		2386F1052D570F9A00F9B18E /* PBXTargetDependency */ = {
			isa = PBXTargetDependency;
			target = 2386F0E82D570F9800F9B18E /* Mandelbrot */;
			targetProxy = 2386F1042D570F9A00F9B18E /* PBXContainerItemProxy */;
		};
/* End PBXTargetDependency section */

/* Begin XCBuildConfiguration section */
		2386F10B2D570F9A00F9B18E /* Debug */ = {
			isa = XCBuildConfiguration;
			buildSettings = {
				ALWAYS_SEARCH_USER_PATHS = NO;
				ASSETCATALOG_COMPILER_GENERATE_SWIFT_ASSET_SYMBOL_EXTENSIONS = YES;
				CLANG_ANALYZER_NONNULL = YES;
				CLANG_ANALYZER_NUMBER_OBJECT_CONVERSION = YES_AGGRESSIVE;
				CLANG_CXX_LANGUAGE_STANDARD = "gnu++20";
				CLANG_ENABLE_MODULES = YES;
				CLANG_ENABLE_OBJC_ARC = YES;
				CLANG_ENABLE_OBJC_WEAK = YES;
				CLANG_WARN_BLOCK_CAPTURE_AUTORELEASING = YES;
				CLANG_WARN_BOOL_CONVERSION = YES;
				CLANG_WARN_COMMA = YES;
				CLANG_WARN_CONSTANT_CONVERSION = YES;
				CLANG_WARN_DEPRECATED_OBJC_IMPLEMENTATIONS = YES;
				CLANG_WARN_DIRECT_OBJC_ISA_USAGE = YES_ERROR;
				CLANG_WARN_DOCUMENTATION_COMMENTS = YES;
				CLANG_WARN_EMPTY_BODY = YES;
				CLANG_WARN_ENUM_CONVERSION = YES;
				CLANG_WARN_INFINITE_RECURSION = YES;
				CLANG_WARN_INT_CONVERSION = YES;
				CLANG_WARN_NON_LITERAL_NULL_CONVERSION = YES;
				CLANG_WARN_OBJC_IMPLICIT_RETAIN_SELF = YES;
				CLANG_WARN_OBJC_LITERAL_CONVERSION = YES;
				CLANG_WARN_OBJC_ROOT_CLASS = YES_ERROR;
				CLANG_WARN_QUOTED_INCLUDE_IN_FRAMEWORK_HEADER = YES;
				CLANG_WARN_RANGE_LOOP_ANALYSIS = YES;
				CLANG_WARN_STRICT_PROTOTYPES = YES;
				CLANG_WARN_SUSPICIOUS_MOVE = YES;
				CLANG_WARN_UNGUARDED_AVAILABILITY = YES_AGGRESSIVE;
				CLANG_WARN_UNREACHABLE_CODE = YES;
				CLANG_WARN__DUPLICATE_METHOD_MATCH = YES;
				COPY_PHASE_STRIP = NO;
				DEBUG_INFORMATION_FORMAT = dwarf;
				ENABLE_STRICT_OBJC_MSGSEND = YES;
				ENABLE_TESTABILITY = YES;
				ENABLE_USER_SCRIPT_SANDBOXING = YES;
				GCC_C_LANGUAGE_STANDARD = gnu17;
				GCC_DYNAMIC_NO_PIC = NO;
				GCC_NO_COMMON_BLOCKS = YES;
				GCC_OPTIMIZATION_LEVEL = 0;
				GCC_PREPROCESSOR_DEFINITIONS = (
					"DEBUG=1",
					"$(inherited)",
				);
				GCC_WARN_64_TO_32_BIT_CONVERSION = YES;
				GCC_WARN_ABOUT_RETURN_TYPE = YES_ERROR;
				GCC_WARN_UNDECLARED_SELECTOR = YES;
				GCC_WARN_UNINITIALIZED_AUTOS = YES_AGGRESSIVE;
				GCC_WARN_UNUSED_FUNCTION = YES;
				GCC_WARN_UNUSED_VARIABLE = YES;
				IPHONEOS_DEPLOYMENT_TARGET = 18.2;
				LOCALIZATION_PREFERS_STRING_CATALOGS = YES;
				MTL_ENABLE_DEBUG_INFO = INCLUDE_SOURCE;
				MTL_FAST_MATH = YES;
				ONLY_ACTIVE_ARCH = YES;
				SDKROOT = iphoneos;
				SWIFT_ACTIVE_COMPILATION_CONDITIONS = "DEBUG $(inherited)";
				SWIFT_OPTIMIZATION_LEVEL = "-Onone";
			};
			name = Debug;
		};
		2386F10C2D570F9A00F9B18E /* Release */ = {
			isa = XCBuildConfiguration;
			buildSettings = {
				ALWAYS_SEARCH_USER_PATHS = NO;
				ASSETCATALOG_COMPILER_GENERATE_SWIFT_ASSET_SYMBOL_EXTENSIONS = YES;
				CLANG_ANALYZER_NONNULL = YES;
				CLANG_ANALYZER_NUMBER_OBJECT_CONVERSION = YES_AGGRESSIVE;
				CLANG_CXX_LANGUAGE_STANDARD = "gnu++20";
				CLANG_ENABLE_MODULES = YES;
				CLANG_ENABLE_OBJC_ARC = YES;
				CLANG_ENABLE_OBJC_WEAK = YES;
				CLANG_WARN_BLOCK_CAPTURE_AUTORELEASING = YES;
				CLANG_WARN_BOOL_CONVERSION = YES;
				CLANG_WARN_COMMA = YES;
				CLANG_WARN_CONSTANT_CONVERSION = YES;
				CLANG_WARN_DEPRECATED_OBJC_IMPLEMENTATIONS = YES;
				CLANG_WARN_DIRECT_OBJC_ISA_USAGE = YES_ERROR;
				CLANG_WARN_DOCUMENTATION_COMMENTS = YES;
				CLANG_WARN_EMPTY_BODY = YES;
				CLANG_WARN_ENUM_CONVERSION = YES;
				CLANG_WARN_INFINITE_RECURSION = YES;
				CLANG_WARN_INT_CONVERSION = YES;
				CLANG_WARN_NON_LITERAL_NULL_CONVERSION = YES;
				CLANG_WARN_OBJC_IMPLICIT_RETAIN_SELF = YES;
				CLANG_WARN_OBJC_LITERAL_CONVERSION = YES;
				CLANG_WARN_OBJC_ROOT_CLASS = YES_ERROR;
				CLANG_WARN_QUOTED_INCLUDE_IN_FRAMEWORK_HEADER = YES;
				CLANG_WARN_RANGE_LOOP_ANALYSIS = YES;
				CLANG_WARN_STRICT_PROTOTYPES = YES;
				CLANG_WARN_SUSPICIOUS_MOVE = YES;
				CLANG_WARN_UNGUARDED_AVAILABILITY = YES_AGGRESSIVE;
				CLANG_WARN_UNREACHABLE_CODE = YES;
				CLANG_WARN__DUPLICATE_METHOD_MATCH = YES;
				COPY_PHASE_STRIP = NO;
				DEBUG_INFORMATION_FORMAT = "dwarf-with-dsym";
				ENABLE_NS_ASSERTIONS = NO;
				ENABLE_STRICT_OBJC_MSGSEND = YES;
				ENABLE_USER_SCRIPT_SANDBOXING = YES;
				GCC_C_LANGUAGE_STANDARD = gnu17;
				GCC_NO_COMMON_BLOCKS = YES;
				GCC_WARN_64_TO_32_BIT_CONVERSION = YES;
				GCC_WARN_ABOUT_RETURN_TYPE = YES_ERROR;
				GCC_WARN_UNDECLARED_SELECTOR = YES;
				GCC_WARN_UNINITIALIZED_AUTOS = YES_AGGRESSIVE;
				GCC_WARN_UNUSED_FUNCTION = YES;
				GCC_WARN_UNUSED_VARIABLE = YES;
				IPHONEOS_DEPLOYMENT_TARGET = 18.2;
				LOCALIZATION_PREFERS_STRING_CATALOGS = YES;
				MTL_ENABLE_DEBUG_INFO = NO;
				MTL_FAST_MATH = YES;
				SDKROOT = iphoneos;
				SWIFT_COMPILATION_MODE = wholemodule;
				VALIDATE_PRODUCT = YES;
			};
			name = Release;
		};
		2386F10E2D570F9A00F9B18E /* Debug */ = {
			isa = XCBuildConfiguration;
			buildSettings = {
				ASSETCATALOG_COMPILER_APPICON_NAME = AppIcon;
				ASSETCATALOG_COMPILER_GLOBAL_ACCENT_COLOR_NAME = AccentColor;
				CODE_SIGN_STYLE = Automatic;
				CURRENT_PROJECT_VERSION = 1;
				DEVELOPMENT_ASSET_PATHS = "\"Mandelbrot/Preview Content\"";
				DEVELOPMENT_TEAM = P8QACM85EZ;
				ENABLE_PREVIEWS = YES;
				GENERATE_INFOPLIST_FILE = YES;
				INFOPLIST_KEY_UIApplicationSceneManifest_Generation = YES;
				INFOPLIST_KEY_UIApplicationSupportsIndirectInputEvents = YES;
				INFOPLIST_KEY_UILaunchScreen_Generation = YES;
				INFOPLIST_KEY_UISupportedInterfaceOrientations_iPad = "UIInterfaceOrientationPortrait UIInterfaceOrientationPortraitUpsideDown UIInterfaceOrientationLandscapeLeft UIInterfaceOrientationLandscapeRight";
				INFOPLIST_KEY_UISupportedInterfaceOrientations_iPhone = "UIInterfaceOrientationPortrait UIInterfaceOrientationLandscapeLeft UIInterfaceOrientationLandscapeRight";
				IPHONEOS_DEPLOYMENT_TARGET = 18.0;
				LD_RUNPATH_SEARCH_PATHS = (
					"$(inherited)",
					"@executable_path/Frameworks",
				);
				MARKETING_VERSION = 1.0;
				PRODUCT_BUNDLE_IDENTIFIER = com.funlandresearch.Mandlebrot;
				PRODUCT_NAME = "$(TARGET_NAME)";
				SWIFT_EMIT_LOC_STRINGS = YES;
				SWIFT_VERSION = 5.0;
				TARGETED_DEVICE_FAMILY = "1,2";
			};
			name = Debug;
		};
		2386F10F2D570F9A00F9B18E /* Release */ = {
			isa = XCBuildConfiguration;
			buildSettings = {
				ASSETCATALOG_COMPILER_APPICON_NAME = AppIcon;
				ASSETCATALOG_COMPILER_GLOBAL_ACCENT_COLOR_NAME = AccentColor;
				CODE_SIGN_STYLE = Automatic;
				CURRENT_PROJECT_VERSION = 1;
				DEVELOPMENT_ASSET_PATHS = "\"Mandelbrot/Preview Content\"";
				DEVELOPMENT_TEAM = P8QACM85EZ;
				ENABLE_PREVIEWS = YES;
				GENERATE_INFOPLIST_FILE = YES;
				INFOPLIST_KEY_UIApplicationSceneManifest_Generation = YES;
				INFOPLIST_KEY_UIApplicationSupportsIndirectInputEvents = YES;
				INFOPLIST_KEY_UILaunchScreen_Generation = YES;
				INFOPLIST_KEY_UISupportedInterfaceOrientations_iPad = "UIInterfaceOrientationPortrait UIInterfaceOrientationPortraitUpsideDown UIInterfaceOrientationLandscapeLeft UIInterfaceOrientationLandscapeRight";
				INFOPLIST_KEY_UISupportedInterfaceOrientations_iPhone = "UIInterfaceOrientationPortrait UIInterfaceOrientationLandscapeLeft UIInterfaceOrientationLandscapeRight";
				IPHONEOS_DEPLOYMENT_TARGET = 18.0;
				LD_RUNPATH_SEARCH_PATHS = (
					"$(inherited)",
					"@executable_path/Frameworks",
				);
				MARKETING_VERSION = 1.0;
				PRODUCT_BUNDLE_IDENTIFIER = com.funlandresearch.Mandlebrot;
				PRODUCT_NAME = "$(TARGET_NAME)";
				SWIFT_EMIT_LOC_STRINGS = YES;
				SWIFT_VERSION = 5.0;
				TARGETED_DEVICE_FAMILY = "1,2";
			};
			name = Release;
		};
		2386F1112D570F9A00F9B18E /* Debug */ = {
			isa = XCBuildConfiguration;
			buildSettings = {
				BUNDLE_LOADER = "$(TEST_HOST)";
				CODE_SIGN_STYLE = Automatic;
				CURRENT_PROJECT_VERSION = 1;
				DEVELOPMENT_TEAM = P8QACM85EZ;
				GENERATE_INFOPLIST_FILE = YES;
				IPHONEOS_DEPLOYMENT_TARGET = 18.2;
				MARKETING_VERSION = 1.0;
				PRODUCT_BUNDLE_IDENTIFIER = com.flatcap.MandelbrotTests;
				PRODUCT_NAME = "$(TARGET_NAME)";
				SWIFT_EMIT_LOC_STRINGS = NO;
				SWIFT_VERSION = 5.0;
				TARGETED_DEVICE_FAMILY = "1,2";
				TEST_HOST = "$(BUILT_PRODUCTS_DIR)/Mandelbrot.app/$(BUNDLE_EXECUTABLE_FOLDER_PATH)/Mandelbrot";
			};
			name = Debug;
		};
		2386F1122D570F9A00F9B18E /* Release */ = {
			isa = XCBuildConfiguration;
			buildSettings = {
				BUNDLE_LOADER = "$(TEST_HOST)";
				CODE_SIGN_STYLE = Automatic;
				CURRENT_PROJECT_VERSION = 1;
				DEVELOPMENT_TEAM = P8QACM85EZ;
				GENERATE_INFOPLIST_FILE = YES;
				IPHONEOS_DEPLOYMENT_TARGET = 18.2;
				MARKETING_VERSION = 1.0;
				PRODUCT_BUNDLE_IDENTIFIER = com.flatcap.MandelbrotTests;
				PRODUCT_NAME = "$(TARGET_NAME)";
				SWIFT_EMIT_LOC_STRINGS = NO;
				SWIFT_VERSION = 5.0;
				TARGETED_DEVICE_FAMILY = "1,2";
				TEST_HOST = "$(BUILT_PRODUCTS_DIR)/Mandelbrot.app/$(BUNDLE_EXECUTABLE_FOLDER_PATH)/Mandelbrot";
			};
			name = Release;
		};
		2386F1142D570F9A00F9B18E /* Debug */ = {
			isa = XCBuildConfiguration;
			buildSettings = {
				CODE_SIGN_STYLE = Automatic;
				CURRENT_PROJECT_VERSION = 1;
				DEVELOPMENT_TEAM = P8QACM85EZ;
				GENERATE_INFOPLIST_FILE = YES;
				MARKETING_VERSION = 1.0;
				PRODUCT_BUNDLE_IDENTIFIER = com.flatcap.MandelbrotUITests;
				PRODUCT_NAME = "$(TARGET_NAME)";
				SWIFT_EMIT_LOC_STRINGS = NO;
				SWIFT_VERSION = 5.0;
				TARGETED_DEVICE_FAMILY = "1,2";
				TEST_TARGET_NAME = Mandelbrot;
			};
			name = Debug;
		};
		2386F1152D570F9A00F9B18E /* Release */ = {
			isa = XCBuildConfiguration;
			buildSettings = {
				CODE_SIGN_STYLE = Automatic;
				CURRENT_PROJECT_VERSION = 1;
				DEVELOPMENT_TEAM = P8QACM85EZ;
				GENERATE_INFOPLIST_FILE = YES;
				MARKETING_VERSION = 1.0;
				PRODUCT_BUNDLE_IDENTIFIER = com.flatcap.MandelbrotUITests;
				PRODUCT_NAME = "$(TARGET_NAME)";
				SWIFT_EMIT_LOC_STRINGS = NO;
				SWIFT_VERSION = 5.0;
				TARGETED_DEVICE_FAMILY = "1,2";
				TEST_TARGET_NAME = Mandelbrot;
			};
			name = Release;
		};
/* End XCBuildConfiguration section */

/* Begin XCConfigurationList section */
		2386F0E42D570F9800F9B18E /* Build configuration list for PBXProject "Mandelbrot" */ = {
			isa = XCConfigurationList;
			buildConfigurations = (
				2386F10B2D570F9A00F9B18E /* Debug */,
				2386F10C2D570F9A00F9B18E /* Release */,
			);
			defaultConfigurationIsVisible = 0;
			defaultConfigurationName = Release;
		};
		2386F10D2D570F9A00F9B18E /* Build configuration list for PBXNativeTarget "Mandelbrot" */ = {
			isa = XCConfigurationList;
			buildConfigurations = (
				2386F10E2D570F9A00F9B18E /* Debug */,
				2386F10F2D570F9A00F9B18E /* Release */,
			);
			defaultConfigurationIsVisible = 0;
			defaultConfigurationName = Release;
		};
		2386F1102D570F9A00F9B18E /* Build configuration list for PBXNativeTarget "MandelbrotTests" */ = {
			isa = XCConfigurationList;
			buildConfigurations = (
				2386F1112D570F9A00F9B18E /* Debug */,
				2386F1122D570F9A00F9B18E /* Release */,
			);
			defaultConfigurationIsVisible = 0;
			defaultConfigurationName = Release;
		};
		2386F1132D570F9A00F9B18E /* Build configuration list for PBXNativeTarget "MandelbrotUITests" */ = {
			isa = XCConfigurationList;
			buildConfigurations = (
				2386F1142D570F9A00F9B18E /* Debug */,
				2386F1152D570F9A00F9B18E /* Release */,
			);
			defaultConfigurationIsVisible = 0;
			defaultConfigurationName = Release;
		};
/* End XCConfigurationList section */

/* Begin XCRemoteSwiftPackageReference section */
		23NUMERICS2D570F9800F9B18E /* XCRemoteSwiftPackageReference "swift-numerics" */ = {
			isa = XCRemoteSwiftPackageReference;
			repositoryURL = "https://github.com/apple/swift-numerics";
			requirement = {
				kind = upToNextMajorVersion;
				minimumVersion = 1.0.0;
			};
		};
/* End XCRemoteSwiftPackageReference section */

/* Begin XCSwiftPackageProductDependency section */
		23NUMERICSPD2D570F9800F9B18E /* Numerics */ = {
			isa = XCSwiftPackageProductDependency;
			package = 23NUMERICS2D570F9800F9B18E /* XCRemoteSwiftPackageReference "swift-numerics" */;
			productName = Numerics;
		};
/* End XCSwiftPackageProductDependency section */
	};
	rootObject = 2386F0E12D570F9800F9B18E /* Project object */;
}
